
Microsoft Visual Studio Solution File, Format Version 12.00
# Visual Studio Version 17
VisualStudioVersion = 17.5.33516.290
MinimumVisualStudioVersion = 10.0.40219.1
Project("{FAE04EC0-301F-11D3-BF4B-00C04F79EFBC}") = "Automation.Framework", "tests\Automation.Framework\Automation.Framework.csproj", "{6FD3CAB1-0566-445E-90D6-7E0879F4821E}"
EndProject
Project("{FAE04EC0-301F-11D3-BF4B-00C04F79EFBC}") = "Automation.Test", "tests\Automation.Test\Automation.Test.csproj", "{7F1DC359-AF74-4C89-8926-46543C3DB71D}"
EndProject
Global
	GlobalSection(SolutionConfigurationPlatforms) = preSolution
		Debug|Any CPU = Debug|Any CPU
		Release|Any CPU = Release|Any CPU
	EndGlobalSection
	GlobalSection(ProjectConfigurationPlatforms) = postSolution
		{6FD3CAB1-0566-445E-90D6-7E0879F4821E}.Debug|Any CPU.ActiveCfg = Debug|Any CPU
		{6FD3CAB1-0566-445E-90D6-7E0879F4821E}.Debug|Any CPU.Build.0 = Debug|Any CPU
		{6FD3CAB1-0566-445E-90D6-7E0879F4821E}.Release|Any CPU.ActiveCfg = Release|Any CPU
		{6FD3CAB1-0566-445E-90D6-7E0879F4821E}.Release|Any CPU.Build.0 = Release|Any CPU
		{7F1DC359-AF74-4C89-8926-46543C3DB71D}.Debug|Any CPU.ActiveCfg = Debug|Any CPU
		{7F1DC359-AF74-4C89-8926-46543C3DB71D}.Debug|Any CPU.Build.0 = Debug|Any CPU
		{7F1DC359-AF74-4C89-8926-46543C3DB71D}.Release|Any CPU.ActiveCfg = Release|Any CPU
		{7F1DC359-AF74-4C89-8926-46543C3DB71D}.Release|Any CPU.Build.0 = Release|Any CPU
	EndGlobalSection
	GlobalSection(SolutionProperties) = preSolution
		HideSolutionNode = FALSE
	EndGlobalSection
	GlobalSection(ExtensibilityGlobals) = postSolution
		SolutionGuid = {3F0C9AC8-A737-4A39-9ABE-BC025D338B3B}
	EndGlobalSection
EndGlobal
